
Microsoft Visual Studio Solution File, Format Version 12.00
# Visual Studio Version 16
VisualStudioVersion = 16.0.29025.244
MinimumVisualStudioVersion = 10.0.40219.1
Project("{FAE04EC0-301F-11D3-BF4B-00C04F79EFBC}") = "chuyselacome", "chuyselacome\chuyselacome.csproj", "{07CE851E-D7C9-463E-9B92-4083C64F5C99}"
EndProject
Global
	GlobalSection(SolutionConfigurationPlatforms) = preSolution
		Debug|Any CPU = Debug|Any CPU
		Release|Any CPU = Release|Any CPU
	EndGlobalSection
	GlobalSection(ProjectConfigurationPlatforms) = postSolution
		{07CE851E-D7C9-463E-9B92-4083C64F5C99}.Debug|Any CPU.ActiveCfg = Debug|Any CPU
		{07CE851E-D7C9-463E-9B92-4083C64F5C99}.Debug|Any CPU.Build.0 = Debug|Any CPU
		{07CE851E-D7C9-463E-9B92-4083C64F5C99}.Release|Any CPU.ActiveCfg = Release|Any CPU
		{07CE851E-D7C9-463E-9B92-4083C64F5C99}.Release|Any CPU.Build.0 = Release|Any CPU
	EndGlobalSection
	GlobalSection(SolutionProperties) = preSolution
		HideSolutionNode = FALSE
	EndGlobalSection
	GlobalSection(ExtensibilityGlobals) = postSolution
		SolutionGuid = {577FAC94-9DD5-481E-A4A1-E34267A6F6C7}
	EndGlobalSection
EndGlobal
